# This file is automatically @generated by Cargo.
# It is not intended for manual editing.
version = 3

[[package]]
name = "futures-core"
version = "0.3.32"
source = "registry+https://github.com/rust-lang/crates.io-index"
checksum = "7e3450815272ef58cec6d564423f6e755e25379b217b0bc688e295ba24df6b1d"

[[package]]
name = "taut-shape"
version = "0.9.1"
dependencies = [
 "futures-core",
]

[[package]]
name = "taut-shape-tool"
version = "0.9.1"
dependencies = [
 "taut-shape",
]
